
Microsoft Visual Studio Solution File, Format Version 12.00
# Visual Studio Version 17
VisualStudioVersion = 17.2.32526.322
MinimumVisualStudioVersion = 10.0.40219.1
Project("{9A19103F-16F7-4668-BE54-9A1E7A4F7556}") = "SuperStore.Api", "SuperStore.Api\SuperStore.Api.csproj", "{8CB6FCB6-81A8-4A8D-8D4A-048FDBACEE88}"
EndProject
Project("{9A19103F-16F7-4668-BE54-9A1E7A4F7556}") = "SuperStore.Domain", "SuperStore.Domain\SuperStore.Domain.csproj", "{9E182F65-75C3-4C89-8549-ABE33D52C6A2}"
EndProject
Project("{FAE04EC0-301F-11D3-BF4B-00C04F79EFBC}") = "SuperStore.Infra", "SuperStore.Infra\SuperStore.Infra.csproj", "{172E843D-F511-4D10-9485-B7BD9C5482C6}"
EndProject
Global
	GlobalSection(SolutionConfigurationPlatforms) = preSolution
		Debug|Any CPU = Debug|Any CPU
		Release|Any CPU = Release|Any CPU
	EndGlobalSection
	GlobalSection(ProjectConfigurationPlatforms) = postSolution
		{8CB6FCB6-81A8-4A8D-8D4A-048FDBACEE88}.Debug|Any CPU.ActiveCfg = Debug|Any CPU
		{8CB6FCB6-81A8-4A8D-8D4A-048FDBACEE88}.Debug|Any CPU.Build.0 = Debug|Any CPU
		{8CB6FCB6-81A8-4A8D-8D4A-048FDBACEE88}.Release|Any CPU.ActiveCfg = Release|Any CPU
		{8CB6FCB6-81A8-4A8D-8D4A-048FDBACEE88}.Release|Any CPU.Build.0 = Release|Any CPU
		{9E182F65-75C3-4C89-8549-ABE33D52C6A2}.Debug|Any CPU.ActiveCfg = Debug|Any CPU
		{9E182F65-75C3-4C89-8549-ABE33D52C6A2}.Debug|Any CPU.Build.0 = Debug|Any CPU
		{9E182F65-75C3-4C89-8549-ABE33D52C6A2}.Release|Any CPU.ActiveCfg = Release|Any CPU
		{9E182F65-75C3-4C89-8549-ABE33D52C6A2}.Release|Any CPU.Build.0 = Release|Any CPU
		{172E843D-F511-4D10-9485-B7BD9C5482C6}.Debug|Any CPU.ActiveCfg = Debug|Any CPU
		{172E843D-F511-4D10-9485-B7BD9C5482C6}.Debug|Any CPU.Build.0 = Debug|Any CPU
		{172E843D-F511-4D10-9485-B7BD9C5482C6}.Release|Any CPU.ActiveCfg = Release|Any CPU
		{172E843D-F511-4D10-9485-B7BD9C5482C6}.Release|Any CPU.Build.0 = Release|Any CPU
	EndGlobalSection
	GlobalSection(SolutionProperties) = preSolution
		HideSolutionNode = FALSE
	EndGlobalSection
	GlobalSection(ExtensibilityGlobals) = postSolution
		SolutionGuid = {952ECD8E-DE31-4715-AA50-39DCF824677C}
	EndGlobalSection
EndGlobal
